{
  "version": 4,
  "terraform_version": "1.3.2",
  "serial": 109,
  "lineage": "bd9215f3-e685-44a4-b0c3-f90456914196",
  "outputs": {},
  "resources": [
    {
      "module": "module.IAM",
      "mode": "managed",
      "type": "aws_iam_instance_profile",
      "name": "project_profile",
      "provider": "provider[\"registry.terraform.io/hashicorp/aws\"]",
      "instances": [
        {
          "schema_version": 0,
          "attributes": {
            "arn": "arn:aws:iam::913213447178:instance-profile/project_profile",
            "create_date": "2022-10-19T14:57:05Z",
            "id": "project_profile",
            "name": "project_profile",
            "name_prefix": null,
            "path": "/",
            "role": "ec2_project_role",
            "tags": {},
            "tags_all": {},
            "unique_id": "AIPA5JH6DLQFPZZOB2DTT"
          },
          "sensitive_attributes": [],
          "private": "bnVsbA==",
          "dependencies": [
            "module.IAM.aws_iam_policy.ec2_list_buckets",
            "module.IAM.aws_iam_role.ec2_project_role"
          ]
        }
      ]
    },
    {
      "module": "module.IAM",
      "mode": "managed",
      "type": "aws_iam_policy",
      "name": "ec2_list_buckets",
      "provider": "provider[\"registry.terraform.io/hashicorp/aws\"]",
      "instances": [
        {
          "schema_version": 0,
          "attributes": {
            "arn": "arn:aws:iam::913213447178:policy/ec2_list_buckets",
            "description": "",
            "id": "arn:aws:iam::913213447178:policy/ec2_list_buckets",
            "name": "ec2_list_buckets",
            "name_prefix": null,
            "path": "/",
            "policy": "{\"Statement\":[{\"Action\":[\"s3:ListBucket\",\"s3:ListStorageLensConfigurations\",\"s3:ListAccessPointsForObjectLambda\",\"s3:ListBucketMultipartUploads\",\"s3:ListAllMyBuckets\",\"s3:ListAccessPoints\",\"s3:ListJobs\",\"s3:ListBucketVersions\",\"s3:ListMultiRegionAccessPoints\",\"s3:ListMultipartUploadParts\"],\"Effect\":\"Allow\",\"Resource\":\"*\",\"Sid\":\"VisualEditor0\"}],\"Version\":\"2012-10-17\"}",
            "policy_id": "ANPA5JH6DLQFBPWMJ62AE",
            "tags": {},
            "tags_all": {}
          },
          "sensitive_attributes": [],
          "private": "bnVsbA=="
        }
      ]
    },
    {
      "module": "module.IAM",
      "mode": "managed",
      "type": "aws_iam_role",
      "name": "ec2_project_role",
      "provider": "provider[\"registry.terraform.io/hashicorp/aws\"]",
      "instances": [
        {
          "schema_version": 0,
          "attributes": {
            "arn": "arn:aws:iam::913213447178:role/ec2_project_role",
            "assume_role_policy": "{\"Statement\":[{\"Action\":[\"sts:AssumeRole\"],\"Effect\":\"Allow\",\"Principal\":{\"Service\":[\"ec2.amazonaws.com\"]}}],\"Version\":\"2012-10-17\"}",
            "create_date": "2022-10-19T14:43:34Z",
            "description": "",
            "force_detach_policies": false,
            "id": "ec2_project_role",
            "inline_policy": [],
            "managed_policy_arns": [
              "arn:aws:iam::913213447178:policy/ec2_list_buckets"
            ],
            "max_session_duration": 3600,
            "name": "ec2_project_role",
            "name_prefix": "",
            "path": "/",
            "permissions_boundary": null,
            "tags": {},
            "tags_all": {},
            "unique_id": "AROA5JH6DLQFCMUKCLTQE"
          },
          "sensitive_attributes": [],
          "private": "bnVsbA==",
          "dependencies": [
            "module.IAM.aws_iam_policy.ec2_list_buckets"
          ]
        }
      ]
    },
    {
      "module": "module.ec2",
      "mode": "managed",
      "type": "aws_instance",
      "name": "app_server",
      "provider": "provider[\"registry.terraform.io/hashicorp/aws\"]",
      "instances": [
        {
          "schema_version": 1,
          "attributes": {
            "ami": "ami-026b57f3c383c2eec",
            "arn": "arn:aws:ec2:us-east-1:913213447178:instance/i-0324155a5a72404fe",
            "associate_public_ip_address": true,
            "availability_zone": "us-east-1a",
            "capacity_reservation_specification": [
              {
                "capacity_reservation_preference": "open",
                "capacity_reservation_target": []
              }
            ],
            "cpu_core_count": 1,
            "cpu_threads_per_core": 1,
            "credit_specification": [
              {
                "cpu_credits": "standard"
              }
            ],
            "disable_api_stop": false,
            "disable_api_termination": false,
            "ebs_block_device": [],
            "ebs_optimized": false,
            "enclave_options": [
              {
                "enabled": false
              }
            ],
            "ephemeral_block_device": [],
            "get_password_data": false,
            "hibernation": false,
            "host_id": null,
            "host_resource_group_arn": null,
            "iam_instance_profile": "project_profile",
            "id": "i-0324155a5a72404fe",
            "instance_initiated_shutdown_behavior": "stop",
            "instance_state": "running",
            "instance_type": "t2.micro",
            "ipv6_address_count": 0,
            "ipv6_addresses": [],
            "key_name": "latestpair",
            "launch_template": [],
            "maintenance_options": [
              {
                "auto_recovery": "default"
              }
            ],
            "metadata_options": [
              {
                "http_endpoint": "enabled",
                "http_put_response_hop_limit": 1,
                "http_tokens": "optional",
                "instance_metadata_tags": "disabled"
              }
            ],
            "monitoring": false,
            "network_interface": [],
            "outpost_arn": "",
            "password_data": "",
            "placement_group": "",
            "placement_partition_number": null,
            "primary_network_interface_id": "eni-0d620a99644f9bcbd",
            "private_dns": "ip-172-31-7-52.ec2.internal",
            "private_dns_name_options": [
              {
                "enable_resource_name_dns_a_record": false,
                "enable_resource_name_dns_aaaa_record": false,
                "hostname_type": "ip-name"
              }
            ],
            "private_ip": "172.31.7.52",
            "public_dns": "ec2-3-92-83-144.compute-1.amazonaws.com",
            "public_ip": "3.92.83.144",
            "root_block_device": [
              {
                "delete_on_termination": true,
                "device_name": "/dev/xvda",
                "encrypted": false,
                "iops": 100,
                "kms_key_id": "",
                "tags": {},
                "throughput": 0,
                "volume_id": "vol-0f947bfbe3c2c58f2",
                "volume_size": 8,
                "volume_type": "gp2"
              }
            ],
            "secondary_private_ips": [],
            "security_groups": [
              "web_traffic"
            ],
            "source_dest_check": true,
            "subnet_id": "subnet-0e383014d7260e8a4",
            "tags": {
              "Name": "ExampleAppServerInstance"
            },
            "tags_all": {
              "Name": "ExampleAppServerInstance"
            },
            "tenancy": "default",
            "timeouts": null,
            "user_data": "092be6484030fc326fa33e56c3c2eceb07eb1bfd",
            "user_data_base64": null,
            "user_data_replace_on_change": false,
            "volume_tags": null,
            "vpc_security_group_ids": [
              "sg-0bfd702741d0996aa"
            ]
          },
          "sensitive_attributes": [],
          "private": "eyJlMmJmYjczMC1lY2FhLTExZTYtOGY4OC0zNDM2M2JjN2M0YzAiOnsiY3JlYXRlIjo2MDAwMDAwMDAwMDAsImRlbGV0ZSI6MTIwMDAwMDAwMDAwMCwidXBkYXRlIjo2MDAwMDAwMDAwMDB9LCJzY2hlbWFfdmVyc2lvbiI6IjEifQ==",
          "dependencies": [
            "module.IAM.aws_iam_instance_profile.project_profile",
            "module.IAM.aws_iam_policy.ec2_list_buckets",
            "module.IAM.aws_iam_role.ec2_project_role",
            "module.security_group.aws_security_group.web_traffic"
          ]
        }
      ]
    },
    {
      "module": "module.security_group",
      "mode": "managed",
      "type": "aws_security_group",
      "name": "web_traffic",
      "provider": "provider[\"registry.terraform.io/hashicorp/aws\"]",
      "instances": [
        {
          "schema_version": 1,
          "attributes": {
            "arn": "arn:aws:ec2:us-east-1:913213447178:security-group/sg-0bfd702741d0996aa",
            "description": "Allow inbound traffic",
            "egress": [
              {
                "cidr_blocks": [
                  "0.0.0.0/0"
                ],
                "description": "",
                "from_port": 0,
                "ipv6_cidr_blocks": [],
                "prefix_list_ids": [],
                "protocol": "-1",
                "security_groups": [],
                "self": false,
                "to_port": 0
              }
            ],
            "id": "sg-0bfd702741d0996aa",
            "ingress": [
              {
                "cidr_blocks": [
                  "0.0.0.0/0"
                ],
                "description": "",
                "from_port": 22,
                "ipv6_cidr_blocks": [],
                "prefix_list_ids": [],
                "protocol": "tcp",
                "security_groups": [],
                "self": false,
                "to_port": 22
              },
              {
                "cidr_blocks": [
                  "0.0.0.0/0"
                ],
                "description": "",
                "from_port": 80,
                "ipv6_cidr_blocks": [],
                "prefix_list_ids": [],
                "protocol": "tcp",
                "security_groups": [],
                "self": false,
                "to_port": 80
              }
            ],
            "name": "web_traffic",
            "name_prefix": "",
            "owner_id": "913213447178",
            "revoke_rules_on_delete": false,
            "tags": {
              "Name": "example_security_group"
            },
            "tags_all": {
              "Name": "example_security_group"
            },
            "timeouts": null,
            "vpc_id": "vpc-06d6b49dba113064e"
          },
          "sensitive_attributes": [],
          "private": "eyJlMmJmYjczMC1lY2FhLTExZTYtOGY4OC0zNDM2M2JjN2M0YzAiOnsiY3JlYXRlIjo2MDAwMDAwMDAwMDAsImRlbGV0ZSI6OTAwMDAwMDAwMDAwfSwic2NoZW1hX3ZlcnNpb24iOiIxIn0="
        }
      ]
    }
  ],
  "check_results": []
}
